
Microsoft Visual Studio Solution File, Format Version 12.00
# Visual Studio 15
Project("{FAE04EC0-301F-11D3-BF4B-00C04F79EFBC}") = "Tower Defense 2.0", "Tower Defense 2.0.csproj", "{5DF82244-1EEE-E8AD-EF46-2D91211A48D8}"
EndProject
Project("{FAE04EC0-301F-11D3-BF4B-00C04F79EFBC}") = "Tower Defense 2.0.Plugins", "Tower Defense 2.0.Plugins.csproj", "{65221B51-C097-64EC-0C7D-1EEE1306EA9A}"
EndProject
Global
	GlobalSection(SolutionConfigurationPlatforms) = preSolution
		Debug|Any CPU = Debug|Any CPU
		Release|Any CPU = Release|Any CPU
	EndGlobalSection
	GlobalSection(ProjectConfigurationPlatforms) = postSolution
		{5DF82244-1EEE-E8AD-EF46-2D91211A48D8}.Debug|Any CPU.ActiveCfg = Debug|Any CPU
		{5DF82244-1EEE-E8AD-EF46-2D91211A48D8}.Debug|Any CPU.Build.0 = Debug|Any CPU
		{5DF82244-1EEE-E8AD-EF46-2D91211A48D8}.Release|Any CPU.ActiveCfg = Release|Any CPU
		{5DF82244-1EEE-E8AD-EF46-2D91211A48D8}.Release|Any CPU.Build.0 = Release|Any CPU
		{65221B51-C097-64EC-0C7D-1EEE1306EA9A}.Debug|Any CPU.ActiveCfg = Debug|Any CPU
		{65221B51-C097-64EC-0C7D-1EEE1306EA9A}.Debug|Any CPU.Build.0 = Debug|Any CPU
		{65221B51-C097-64EC-0C7D-1EEE1306EA9A}.Release|Any CPU.ActiveCfg = Release|Any CPU
		{65221B51-C097-64EC-0C7D-1EEE1306EA9A}.Release|Any CPU.Build.0 = Release|Any CPU
	EndGlobalSection
	GlobalSection(SolutionProperties) = preSolution
		HideSolutionNode = FALSE
	EndGlobalSection
EndGlobal
